
Microsoft Visual Studio Solution File, Format Version 12.00
# Visual Studio 15
VisualStudioVersion = 15.0.28307.168
MinimumVisualStudioVersion = 10.0.40219.1
Project("{9A19103F-16F7-4668-BE54-9A1E7A4F7556}") = "AuthenticationService", "AuthenticationService\AuthenticationService.csproj", "{F02CBCAE-2502-4557-85A9-D9D34791C388}"
EndProject
Project("{9A19103F-16F7-4668-BE54-9A1E7A4F7556}") = "AuthenticationService.SmokeTests", "AuthenticationService.SmokeTests\AuthenticationService.SmokeTests.csproj", "{D2D2990F-5CA3-4426-B225-D6B22A0E6B07}"
EndProject
Project("{FAE04EC0-301F-11D3-BF4B-00C04F79EFBC}") = "AuthenticationService.IntegrationTests", "AuthenticationService.IntegrationTests\AuthenticationService.IntegrationTests.csproj", "{7912460F-D61F-47C4-9451-9610834BB633}"
EndProject
Global
	GlobalSection(SolutionConfigurationPlatforms) = preSolution
		Debug|Any CPU = Debug|Any CPU
		Release|Any CPU = Release|Any CPU
	EndGlobalSection
	GlobalSection(ProjectConfigurationPlatforms) = postSolution
		{F02CBCAE-2502-4557-85A9-D9D34791C388}.Debug|Any CPU.ActiveCfg = Debug|Any CPU
		{F02CBCAE-2502-4557-85A9-D9D34791C388}.Debug|Any CPU.Build.0 = Debug|Any CPU
		{F02CBCAE-2502-4557-85A9-D9D34791C388}.Release|Any CPU.ActiveCfg = Release|Any CPU
		{F02CBCAE-2502-4557-85A9-D9D34791C388}.Release|Any CPU.Build.0 = Release|Any CPU
		{D2D2990F-5CA3-4426-B225-D6B22A0E6B07}.Debug|Any CPU.ActiveCfg = Debug|Any CPU
		{D2D2990F-5CA3-4426-B225-D6B22A0E6B07}.Debug|Any CPU.Build.0 = Debug|Any CPU
		{D2D2990F-5CA3-4426-B225-D6B22A0E6B07}.Release|Any CPU.ActiveCfg = Release|Any CPU
		{D2D2990F-5CA3-4426-B225-D6B22A0E6B07}.Release|Any CPU.Build.0 = Release|Any CPU
		{7912460F-D61F-47C4-9451-9610834BB633}.Debug|Any CPU.ActiveCfg = Debug|Any CPU
		{7912460F-D61F-47C4-9451-9610834BB633}.Debug|Any CPU.Build.0 = Debug|Any CPU
		{7912460F-D61F-47C4-9451-9610834BB633}.Release|Any CPU.ActiveCfg = Release|Any CPU
		{7912460F-D61F-47C4-9451-9610834BB633}.Release|Any CPU.Build.0 = Release|Any CPU
	EndGlobalSection
	GlobalSection(SolutionProperties) = preSolution
		HideSolutionNode = FALSE
	EndGlobalSection
	GlobalSection(ExtensibilityGlobals) = postSolution
		SolutionGuid = {447EFA27-2F15-4D46-AC21-456998273089}
	EndGlobalSection
EndGlobal
